// !$*UTF8*$!
{
	archiveVersion = 1;
	classes = {
	};
	objectVersion = 46;
	objects = {

/* Begin PBXBuildFile section */
		C8423EF61AAD8966001671A6 /* main.m in Sources */ = {isa = PBXBuildFile; fileRef = C8423EF51AAD8966001671A6 /* main.m */; };
		C8423EF91AAD8966001671A6 /* AppDelegate.m in Sources */ = {isa = PBXBuildFile; fileRef = C8423EF81AAD8966001671A6 /* AppDelegate.m */; };
		C8423EFC1AAD8966001671A6 /* ViewController.m in Sources */ = {isa = PBXBuildFile; fileRef = C8423EFB1AAD8966001671A6 /* ViewController.m */; };
		C8423EFF1AAD8966001671A6 /* Main.storyboard in Resources */ = {isa = PBXBuildFile; fileRef = C8423EFD1AAD8966001671A6 /* Main.storyboard */; };
		C8423F011AAD8966001671A6 /* Images.xcassets in Resources */ = {isa = PBXBuildFile; fileRef = C8423F001AAD8966001671A6 /* Images.xcassets */; };
		C8423F041AAD8966001671A6 /* LaunchScreen.xib in Resources */ = {isa = PBXBuildFile; fileRef = C8423F021AAD8966001671A6 /* LaunchScreen.xib */; };
		C8423F101AAD8966001671A6 /* pirate_adventrue_gameTests.m in Sources */ = {isa = PBXBuildFile; fileRef = C8423F0F1AAD8966001671A6 /* pirate_adventrue_gameTests.m */; };
/* End PBXBuildFile section */

/* Begin PBXContainerItemProxy section */
		C8423F0A1AAD8966001671A6 /* PBXContainerItemProxy */ = {
			isa = PBXContainerItemProxy;
			containerPortal = C8423EE81AAD8966001671A6 /* Project object */;
			proxyType = 1;
			remoteGlobalIDString = C8423EEF1AAD8966001671A6;
			remoteInfo = "pirate-adventrue-game";
		};
/* End PBXContainerItemProxy section */

/* Begin PBXFileReference section */
		C8423EF01AAD8966001671A6 /* pirate-adventrue-game.app */ = {isa = PBXFileReference; explicitFileType = wrapper.application; includeInIndex = 0; path = "pirate-adventrue-game.app"; sourceTree = BUILT_PRODUCTS_DIR; };
		C8423EF41AAD8966001671A6 /* Info.plist */ = {isa = PBXFileReference; lastKnownFileType = text.plist.xml; path = Info.plist; sourceTree = "<group>"; };
		C8423EF51AAD8966001671A6 /* main.m */ = {isa = PBXFileReference; lastKnownFileType = sourcecode.c.objc; path = main.m; sourceTree = "<group>"; };
		C8423EF71AAD8966001671A6 /* AppDelegate.h */ = {isa = PBXFileReference; lastKnownFileType = sourcecode.c.h; path = AppDelegate.h; sourceTree = "<group>"; };
		C8423EF81AAD8966001671A6 /* AppDelegate.m */ = {isa = PBXFileReference; lastKnownFileType = sourcecode.c.objc; path = AppDelegate.m; sourceTree = "<group>"; };
		C8423EFA1AAD8966001671A6 /* ViewController.h */ = {isa = PBXFileReference; lastKnownFileType = sourcecode.c.h; path = ViewController.h; sourceTree = "<group>"; };
		C8423EFB1AAD8966001671A6 /* ViewController.m */ = {isa = PBXFileReference; lastKnownFileType = sourcecode.c.objc; path = ViewController.m; sourceTree = "<group>"; };
		C8423EFE1AAD8966001671A6 /* Base */ = {isa = PBXFileReference; lastKnownFileType = file.storyboard; name = Base; path = Base.lproj/Main.storyboard; sourceTree = "<group>"; };
		C8423F001AAD8966001671A6 /* Images.xcassets */ = {isa = PBXFileReference; lastKnownFileType = folder.assetcatalog; path = Images.xcassets; sourceTree = "<group>"; };
		C8423F031AAD8966001671A6 /* Base */ = {isa = PBXFileReference; lastKnownFileType = file.xib; name = Base; path = Base.lproj/LaunchScreen.xib; sourceTree = "<group>"; };
		C8423F091AAD8966001671A6 /* pirate-adventrue-gameTests.xctest */ = {isa = PBXFileReference; explicitFileType = wrapper.cfbundle; includeInIndex = 0; path = "pirate-adventrue-gameTests.xctest"; sourceTree = BUILT_PRODUCTS_DIR; };
		C8423F0E1AAD8966001671A6 /* Info.plist */ = {isa = PBXFileReference; lastKnownFileType = text.plist.xml; path = Info.plist; sourceTree = "<group>"; };
		C8423F0F1AAD8966001671A6 /* pirate_adventrue_gameTests.m */ = {isa = PBXFileReference; lastKnownFileType = sourcecode.c.objc; path = pirate_adventrue_gameTests.m; sourceTree = "<group>"; };
/* End PBXFileReference section */

/* Begin PBXFrameworksBuildPhase section */
		C8423EED1AAD8966001671A6 /* Frameworks */ = {
			isa = PBXFrameworksBuildPhase;
			buildActionMask = 2147483647;
			files = (
			);
			runOnlyForDeploymentPostprocessing = 0;
		};
		C8423F061AAD8966001671A6 /* Frameworks */ = {
			isa = PBXFrameworksBuildPhase;
			buildActionMask = 2147483647;
			files = (
			);
			runOnlyForDeploymentPostprocessing = 0;
		};
/* End PBXFrameworksBuildPhase section */

/* Begin PBXGroup section */
		C8423EE71AAD8966001671A6 = {
			isa = PBXGroup;
			children = (
				C8423EF21AAD8966001671A6 /* pirate-adventrue-game */,
				C8423F0C1AAD8966001671A6 /* pirate-adventrue-gameTests */,
				C8423EF11AAD8966001671A6 /* Products */,
			);
			sourceTree = "<group>";
		};
		C8423EF11AAD8966001671A6 /* Products */ = {
			isa = PBXGroup;
			children = (
				C8423EF01AAD8966001671A6 /* pirate-adventrue-game.app */,
				C8423F091AAD8966001671A6 /* pirate-adventrue-gameTests.xctest */,
			);
			name = Products;
			sourceTree = "<group>";
		};
		C8423EF21AAD8966001671A6 /* pirate-adventrue-game */ = {
			isa = PBXGroup;
			children = (
				C8423EF71AAD8966001671A6 /* AppDelegate.h */,
				C8423EF81AAD8966001671A6 /* AppDelegate.m */,
				C8423EFA1AAD8966001671A6 /* ViewController.h */,
				C8423EFB1AAD8966001671A6 /* ViewController.m */,
				C8423EFD1AAD8966001671A6 /* Main.storyboard */,
				C8423F001AAD8966001671A6 /* Images.xcassets */,
				C8423F021AAD8966001671A6 /* LaunchScreen.xib */,
				C8423EF31AAD8966001671A6 /* Supporting Files */,
			);
			path = "pirate-adventrue-game";
			sourceTree = "<group>";
		};
		C8423EF31AAD8966001671A6 /* Supporting Files */ = {
			isa = PBXGroup;
			children = (
				C8423EF41AAD8966001671A6 /* Info.plist */,
				C8423EF51AAD8966001671A6 /* main.m */,
			);
			name = "Supporting Files";
			sourceTree = "<group>";
		};
		C8423F0C1AAD8966001671A6 /* pirate-adventrue-gameTests */ = {
			isa = PBXGroup;
			children = (
				C8423F0F1AAD8966001671A6 /* pirate_adventrue_gameTests.m */,
				C8423F0D1AAD8966001671A6 /* Supporting Files */,
			);
			path = "pirate-adventrue-gameTests";
			sourceTree = "<group>";
		};
		C8423F0D1AAD8966001671A6 /* Supporting Files */ = {
			isa = PBXGroup;
			children = (
				C8423F0E1AAD8966001671A6 /* Info.plist */,
			);
			name = "Supporting Files";
			sourceTree = "<group>";
		};
/* End PBXGroup section */

/* Begin PBXNativeTarget section */
		C8423EEF1AAD8966001671A6 /* pirate-adventrue-game */ = {
			isa = PBXNativeTarget;
			buildConfigurationList = C8423F131AAD8966001671A6 /* Build configuration list for PBXNativeTarget "pirate-adventrue-game" */;
			buildPhases = (
				C8423EEC1AAD8966001671A6 /* Sources */,
				C8423EED1AAD8966001671A6 /* Frameworks */,
				C8423EEE1AAD8966001671A6 /* Resources */,
			);
			buildRules = (
			);
			dependencies = (
			);
			name = "pirate-adventrue-game";
			productName = "pirate-adventrue-game";
			productReference = C8423EF01AAD8966001671A6 /* pirate-adventrue-game.app */;
			productType = "com.apple.product-type.application";
		};
		C8423F081AAD8966001671A6 /* pirate-adventrue-gameTests */ = {
			isa = PBXNativeTarget;
			buildConfigurationList = C8423F161AAD8966001671A6 /* Build configuration list for PBXNativeTarget "pirate-adventrue-gameTests" */;
			buildPhases = (
				C8423F051AAD8966001671A6 /* Sources */,
				C8423F061AAD8966001671A6 /* Frameworks */,
				C8423F071AAD8966001671A6 /* Resources */,
			);
			buildRules = (
			);
			dependencies = (
				C8423F0B1AAD8966001671A6 /* PBXTargetDependency */,
			);
			name = "pirate-adventrue-gameTests";
			productName = "pirate-adventrue-gameTests";
			productReference = C8423F091AAD8966001671A6 /* pirate-adventrue-gameTests.xctest */;
			productType = "com.apple.product-type.bundle.unit-test";
		};
/* End PBXNativeTarget section */

/* Begin PBXProject section */
		C8423EE81AAD8966001671A6 /* Project object */ = {
			isa = PBXProject;
			attributes = {
				LastUpgradeCheck = 0610;
				ORGANIZATIONNAME = "Gabriel Niedzialek";
				TargetAttributes = {
					C8423EEF1AAD8966001671A6 = {
						CreatedOnToolsVersion = 6.1.1;
					};
					C8423F081AAD8966001671A6 = {
						CreatedOnToolsVersion = 6.1.1;
						TestTargetID = C8423EEF1AAD8966001671A6;
					};
				};
			};
			buildConfigurationList = C8423EEB1AAD8966001671A6 /* Build configuration list for PBXProject "pirate-adventrue-game" */;
			compatibilityVersion = "Xcode 3.2";
			developmentRegion = English;
			hasScannedForEncodings = 0;
			knownRegions = (
				en,
				Base,
			);
			mainGroup = C8423EE71AAD8966001671A6;
			productRefGroup = C8423EF11AAD8966001671A6 /* Products */;
			projectDirPath = "";
			projectRoot = "";
			targets = (
				C8423EEF1AAD8966001671A6 /* pirate-adventrue-game */,
				C8423F081AAD8966001671A6 /* pirate-adventrue-gameTests */,
			);
		};
/* End PBXProject section */

/* Begin PBXResourcesBuildPhase section */
		C8423EEE1AAD8966001671A6 /* Resources */ = {
			isa = PBXResourcesBuildPhase;
			buildActionMask = 2147483647;
			files = (
				C8423EFF1AAD8966001671A6 /* Main.storyboard in Resources */,
				C8423F041AAD8966001671A6 /* LaunchScreen.xib in Resources */,
				C8423F011AAD8966001671A6 /* Images.xcassets in Resources */,
			);
			runOnlyForDeploymentPostprocessing = 0;
		};
		C8423F071AAD8966001671A6 /* Resources */ = {
			isa = PBXResourcesBuildPhase;
			buildActionMask = 2147483647;
			files = (
			);
			runOnlyForDeploymentPostprocessing = 0;
		};
/* End PBXResourcesBuildPhase section */

/* Begin PBXSourcesBuildPhase section */
		C8423EEC1AAD8966001671A6 /* Sources */ = {
			isa = PBXSourcesBuildPhase;
			buildActionMask = 2147483647;
			files = (
				C8423EFC1AAD8966001671A6 /* ViewController.m in Sources */,
				C8423EF91AAD8966001671A6 /* AppDelegate.m in Sources */,
				C8423EF61AAD8966001671A6 /* main.m in Sources */,
			);
			runOnlyForDeploymentPostprocessing = 0;
		};
		C8423F051AAD8966001671A6 /* Sources */ = {
			isa = PBXSourcesBuildPhase;
			buildActionMask = 2147483647;
			files = (
				C8423F101AAD8966001671A6 /* pirate_adventrue_gameTests.m in Sources */,
			);
			runOnlyForDeploymentPostprocessing = 0;
		};
/* End PBXSourcesBuildPhase section */

/* Begin PBXTargetDependency section */
		C8423F0B1AAD8966001671A6 /* PBXTargetDependency */ = {
			isa = PBXTargetDependency;
			target = C8423EEF1AAD8966001671A6 /* pirate-adventrue-game */;
			targetProxy = C8423F0A1AAD8966001671A6 /* PBXContainerItemProxy */;
		};
/* End PBXTargetDependency section */

/* Begin PBXVariantGroup section */
		C8423EFD1AAD8966001671A6 /* Main.storyboard */ = {
			isa = PBXVariantGroup;
			children = (
				C8423EFE1AAD8966001671A6 /* Base */,
			);
			name = Main.storyboard;
			sourceTree = "<group>";
		};
		C8423F021AAD8966001671A6 /* LaunchScreen.xib */ = {
			isa = PBXVariantGroup;
			children = (
				C8423F031AAD8966001671A6 /* Base */,
			);
			name = LaunchScreen.xib;
			sourceTree = "<group>";
		};
/* End PBXVariantGroup section */

/* Begin XCBuildConfiguration section */
		C8423F111AAD8966001671A6 /* Debug */ = {
			isa = XCBuildConfiguration;
			buildSettings = {
				ALWAYS_SEARCH_USER_PATHS = NO;
				CLANG_CXX_LANGUAGE_STANDARD = "gnu++0x";
				CLANG_CXX_LIBRARY = "libc++";
				CLANG_ENABLE_MODULES = YES;
				CLANG_ENABLE_OBJC_ARC = YES;
				CLANG_WARN_BOOL_CONVERSION = YES;
				CLANG_WARN_CONSTANT_CONVERSION = YES;
				CLANG_WARN_DIRECT_OBJC_ISA_USAGE = YES_ERROR;
				CLANG_WARN_EMPTY_BODY = YES;
				CLANG_WARN_ENUM_CONVERSION = YES;
				CLANG_WARN_INT_CONVERSION = YES;
				CLANG_WARN_OBJC_ROOT_CLASS = YES_ERROR;
				CLANG_WARN_UNREACHABLE_CODE = YES;
				CLANG_WARN__DUPLICATE_METHOD_MATCH = YES;
				"CODE_SIGN_IDENTITY[sdk=iphoneos*]" = "iPhone Developer";
				COPY_PHASE_STRIP = NO;
				ENABLE_STRICT_OBJC_MSGSEND = YES;
				GCC_C_LANGUAGE_STANDARD = gnu99;
				GCC_DYNAMIC_NO_PIC = NO;
				GCC_OPTIMIZATION_LEVEL = 0;
				GCC_PREPROCESSOR_DEFINITIONS = (
					"DEBUG=1",
					"$(inherited)",
				);
				GCC_SYMBOLS_PRIVATE_EXTERN = NO;
				GCC_WARN_64_TO_32_BIT_CONVERSION = YES;
				GCC_WARN_ABOUT_RETURN_TYPE = YES_ERROR;
				GCC_WARN_UNDECLARED_SELECTOR = YES;
				GCC_WARN_UNINITIALIZED_AUTOS = YES_AGGRESSIVE;
				GCC_WARN_UNUSED_FUNCTION = YES;
				GCC_WARN_UNUSED_VARIABLE = YES;
				IPHONEOS_DEPLOYMENT_TARGET = 8.1;
				MTL_ENABLE_DEBUG_INFO = YES;
				ONLY_ACTIVE_ARCH = YES;
				SDKROOT = iphoneos;
			};
			name = Debug;
		};
		C8423F121AAD8966001671A6 /* Release */ = {
			isa = XCBuildConfiguration;
			buildSettings = {
				ALWAYS_SEARCH_USER_PATHS = NO;
				CLANG_CXX_LANGUAGE_STANDARD = "gnu++0x";
				CLANG_CXX_LIBRARY = "libc++";
				CLANG_ENABLE_MODULES = YES;
				CLANG_ENABLE_OBJC_ARC = YES;
				CLANG_WARN_BOOL_CONVERSION = YES;
				CLANG_WARN_CONSTANT_CONVERSION = YES;
				CLANG_WARN_DIRECT_OBJC_ISA_USAGE = YES_ERROR;
				CLANG_WARN_EMPTY_BODY = YES;
				CLANG_WARN_ENUM_CONVERSION = YES;
				CLANG_WARN_INT_CONVERSION = YES;
				CLANG_WARN_OBJC_ROOT_CLASS = YES_ERROR;
				CLANG_WARN_UNREACHABLE_CODE = YES;
				CLANG_WARN__DUPLICATE_METHOD_MATCH = YES;
				"CODE_SIGN_IDENTITY[sdk=iphoneos*]" = "iPhone Developer";
				COPY_PHASE_STRIP = YES;
				ENABLE_NS_ASSERTIONS = NO;
				ENABLE_STRICT_OBJC_MSGSEND = YES;
				GCC_C_LANGUAGE_STANDARD = gnu99;
				GCC_WARN_64_TO_32_BIT_CONVERSION = YES;
				GCC_WARN_ABOUT_RETURN_TYPE = YES_ERROR;
				GCC_WARN_UNDECLARED_SELECTOR = YES;
				GCC_WARN_UNINITIALIZED_AUTOS = YES_AGGRESSIVE;
				GCC_WARN_UNUSED_FUNCTION = YES;
				GCC_WARN_UNUSED_VARIABLE = YES;
				IPHONEOS_DEPLOYMENT_TARGET = 8.1;
				MTL_ENABLE_DEBUG_INFO = NO;
				SDKROOT = iphoneos;
				VALIDATE_PRODUCT = YES;
			};
			name = Release;
		};
		C8423F141AAD8966001671A6 /* Debug */ = {
			isa = XCBuildConfiguration;
			buildSettings = {
				ASSETCATALOG_COMPILER_APPICON_NAME = AppIcon;
				INFOPLIST_FILE = "pirate-adventrue-game/Info.plist";
				LD_RUNPATH_SEARCH_PATHS = "$(inherited) @executable_path/Frameworks";
				PRODUCT_NAME = "$(TARGET_NAME)";
			};
			name = Debug;
		};
		C8423F151AAD8966001671A6 /* Release */ = {
			isa = XCBuildConfiguration;
			buildSettings = {
				ASSETCATALOG_COMPILER_APPICON_NAME = AppIcon;
				INFOPLIST_FILE = "pirate-adventrue-game/Info.plist";
				LD_RUNPATH_SEARCH_PATHS = "$(inherited) @executable_path/Frameworks";
				PRODUCT_NAME = "$(TARGET_NAME)";
			};
			name = Release;
		};
		C8423F171AAD8966001671A6 /* Debug */ = {
			isa = XCBuildConfiguration;
			buildSettings = {
				BUNDLE_LOADER = "$(TEST_HOST)";
				FRAMEWORK_SEARCH_PATHS = (
					"$(SDKROOT)/Developer/Library/Frameworks",
					"$(inherited)",
				);
				GCC_PREPROCESSOR_DEFINITIONS = (
					"DEBUG=1",
					"$(inherited)",
				);
				INFOPLIST_FILE = "pirate-adventrue-gameTests/Info.plist";
				LD_RUNPATH_SEARCH_PATHS = "$(inherited) @executable_path/Frameworks @loader_path/Frameworks";
				PRODUCT_NAME = "$(TARGET_NAME)";
				TEST_HOST = "$(BUILT_PRODUCTS_DIR)/pirate-adventrue-game.app/pirate-adventrue-game";
			};
			name = Debug;
		};
		C8423F181AAD8966001671A6 /* Release */ = {
			isa = XCBuildConfiguration;
			buildSettings = {
				BUNDLE_LOADER = "$(TEST_HOST)";
				FRAMEWORK_SEARCH_PATHS = (
					"$(SDKROOT)/Developer/Library/Frameworks",
					"$(inherited)",
				);
				INFOPLIST_FILE = "pirate-adventrue-gameTests/Info.plist";
				LD_RUNPATH_SEARCH_PATHS = "$(inherited) @executable_path/Frameworks @loader_path/Frameworks";
				PRODUCT_NAME = "$(TARGET_NAME)";
				TEST_HOST = "$(BUILT_PRODUCTS_DIR)/pirate-adventrue-game.app/pirate-adventrue-game";
			};
			name = Release;
		};
/* End XCBuildConfiguration section */

/* Begin XCConfigurationList section */
		C8423EEB1AAD8966001671A6 /* Build configuration list for PBXProject "pirate-adventrue-game" */ = {
			isa = XCConfigurationList;
			buildConfigurations = (
				C8423F111AAD8966001671A6 /* Debug */,
				C8423F121AAD8966001671A6 /* Release */,
			);
			defaultConfigurationIsVisible = 0;
			defaultConfigurationName = Release;
		};
		C8423F131AAD8966001671A6 /* Build configuration list for PBXNativeTarget "pirate-adventrue-game" */ = {
			isa = XCConfigurationList;
			buildConfigurations = (
				C8423F141AAD8966001671A6 /* Debug */,
				C8423F151AAD8966001671A6 /* Release */,
			);
			defaultConfigurationIsVisible = 0;
		};
		C8423F161AAD8966001671A6 /* Build configuration list for PBXNativeTarget "pirate-adventrue-gameTests" */ = {
			isa = XCConfigurationList;
			buildConfigurations = (
				C8423F171AAD8966001671A6 /* Debug */,
				C8423F181AAD8966001671A6 /* Release */,
			);
			defaultConfigurationIsVisible = 0;
		};
/* End XCConfigurationList section */
	};
	rootObject = C8423EE81AAD8966001671A6 /* Project object */;
}
